<?xml version="1.0" encoding="utf-8"?>
<Project ToolsVersion="4.0" xmlns="http://schemas.microsoft.com/developer/msbuild/2003">
  <ItemGroup>
    <Filter Include="源文件">
      <UniqueIdentifier>{4FC737F1-C7A5-4376-A066-2A32D752A2FF}</UniqueIdentifier>
      <Extensions>cpp;c;cc;cxx;def;odl;idl;hpj;bat;asm;asmx</Extensions>
    </Filter>
    <Filter Include="头文件">
      <UniqueIdentifier>{93995380-89BD-4b04-88EB-625FBE52EBFB}</UniqueIdentifier>
      <Extensions>h;hpp;hxx;hm;inl;inc;xsd</Extensions>
    </Filter>
    <Filter Include="资源文件">
      <UniqueIdentifier>{67DA6AB6-F800-4c08-8B7A-83BB121AAD01}</UniqueIdentifier>
      <Extensions>rc;ico;cur;bmp;dlg;rc2;rct;bin;rgs;gif;jpg;jpeg;jpe;resx;tiff;tif;png;wav;mfcribbon-ms</Extensions>
    </Filter>
    <Filter Include="01_底层构件">
      <UniqueIdentifier>{dd450f0e-e20a-499b-9f82-bff20356c7fc}</UniqueIdentifier>
    </Filter>
    <Filter Include="01_底层构件\space">
      <UniqueIdentifier>{3d4ef00f-4282-4a60-82f2-51faf75ef731}</UniqueIdentifier>
    </Filter>
    <Filter Include="02_应用级构件">
      <UniqueIdentifier>{e230ff55-6a59-42de-94ae-4df4b878b4ae}</UniqueIdentifier>
    </Filter>
    <Filter Include="02_应用级构件\draw">
      <UniqueIdentifier>{28670a33-e8a6-4963-934f-d9ae38843bd3}</UniqueIdentifier>
    </Filter>
    <Filter Include="02_应用级构件\eye">
      <UniqueIdentifier>{7d014b6b-2814-491c-8c49-edab3ef59771}</UniqueIdentifier>
    </Filter>
  </ItemGroup>
  <ItemGroup>
    <Text Include="ReadMe.txt" />
  </ItemGroup>
  <ItemGroup>
    <ClInclude Include="stdafx.h">
      <Filter>头文件</Filter>
    </ClInclude>
    <ClInclude Include="targetver.h">
      <Filter>头文件</Filter>
    </ClInclude>
    <ClInclude Include="Resource.h">
      <Filter>头文件</Filter>
    </ClInclude>
    <ClInclude Include="Toli.h">
      <Filter>头文件</Filter>
    </ClInclude>
    <ClInclude Include="space.h">
      <Filter>01_底层构件\space</Filter>
    </ClInclude>
    <ClInclude Include="draw.h">
      <Filter>02_应用级构件\draw</Filter>
    </ClInclude>
    <ClInclude Include="eye.h">
      <Filter>02_应用级构件\eye</Filter>
    </ClInclude>
  </ItemGroup>
  <ItemGroup>
    <ClCompile Include="stdafx.cpp">
      <Filter>源文件</Filter>
    </ClCompile>
    <ClCompile Include="Toli.cpp">
      <Filter>源文件</Filter>
    </ClCompile>
    <ClCompile Include="space.cpp">
      <Filter>01_底层构件\space</Filter>
    </ClCompile>
    <ClCompile Include="draw.cpp">
      <Filter>02_应用级构件\draw</Filter>
    </ClCompile>
    <ClCompile Include="eye.cpp">
      <Filter>02_应用级构件\eye</Filter>
    </ClCompile>
  </ItemGroup>
  <ItemGroup>
    <ResourceCompile Include="Toli.rc">
      <Filter>资源文件</Filter>
    </ResourceCompile>
  </ItemGroup>
  <ItemGroup>
    <Image Include="small.ico">
      <Filter>资源文件</Filter>
    </Image>
    <Image Include="Toli.ico">
      <Filter>资源文件</Filter>
    </Image>
  </ItemGroup>
</Project>