
Microsoft Visual Studio Solution File, Format Version 12.00
# Visual Studio 2012
Project("{8BC9CEB8-8B4A-11D0-8D11-00A0C91BC942}") = "eyeSpace", "eyeSpace\eyeSpace.vcxproj", "{35820ADC-3C2A-4840-BB9F-C584E9FE4999}"
EndProject
Global
	GlobalSection(SolutionConfigurationPlatforms) = preSolution
		Debug|Win32 = Debug|Win32
		Release|Win32 = Release|Win32
	EndGlobalSection
	GlobalSection(ProjectConfigurationPlatforms) = postSolution
		{35820ADC-3C2A-4840-BB9F-C584E9FE4999}.Debug|Win32.ActiveCfg = Debug|Win32
		{35820ADC-3C2A-4840-BB9F-C584E9FE4999}.Debug|Win32.Build.0 = Debug|Win32
		{35820ADC-3C2A-4840-BB9F-C584E9FE4999}.Release|Win32.ActiveCfg = Release|Win32
		{35820ADC-3C2A-4840-BB9F-C584E9FE4999}.Release|Win32.Build.0 = Release|Win32
	EndGlobalSection
	GlobalSection(SolutionProperties) = preSolution
		HideSolutionNode = FALSE
	EndGlobalSection
EndGlobal
